version = 1
revision = 3
requires-python = ">=3.9, <4"

[[package]]
name = "alabaster"
version = "0.7.12"
source = { registry = "https://pypi.org/simple" }
sdist = { url = "https://files.pythonhosted.org/packages/cc/b4/ed8dcb0d67d5cfb7f83c4d5463a7614cb1d078ad7ae890c9143edebbf072/alabaster-0.7.12.tar.gz", hash = "sha256:a661d72d58e6ea8a57f7a86e37d86716863ee5e92788398526d58b26a4e4dc02", size = 11242, upload-time = "2018-10-03T01:39:18.682Z" }
wheels = [
    { url = "https://files.pythonhosted.org/packages/10/ad/00b090d23a222943eb0eda509720a404f531a439e803f6538f35136cae9e/alabaster-0.7.12-py2.py3-none-any.whl", hash = "sha256:446438bdcca0e05bd45ea2de1668c1d9b032e1a9154c2c259092d77031ddd359", size = 14971, upload-time = "2018-10-03T01:39:17.154Z" },
]

[[package]]
name = "attrs"
version = "21.4.0"
source = { registry = "https://pypi.org/simple" }
sdist = { url = "https://files.pythonhosted.org/packages/d7/77/ebb15fc26d0f815839ecd897b919ed6d85c050feeb83e100e020df9153d2/attrs-21.4.0.tar.gz", hash = "sha256:626ba8234211db98e869df76230a137c4c40a12d72445c45d5f5b716f076e2fd", size = 201839, upload-time = "2021-12-29T13:15:09.056Z" }
wheels = [
    { url = "https://files.pythonhosted.org/packages/be/be/7abce643bfdf8ca01c48afa2ddf8308c2308b0c3b239a44e57d020afa0ef/attrs-21.4.0-py2.py3-none-any.whl", hash = "sha256:2d27e3784d7a565d36ab851fe94887c5eccd6a463168875832a1be79c82828b4", size = 60567, upload-time = "2021-12-29T13:15:06.703Z" },
]

[[package]]
name = "babel"
version = "2.10.1"
source = { registry = "https://pypi.org/simple" }
dependencies = [
    { name = "pytz" },
]
sdist = { url = "https://files.pythonhosted.org/packages/23/a6/a616817c8e4fb1a69f7e8aae9fc7fce1a147e1a492f45b6fa0b7d6823178/Babel-2.10.1.tar.gz", hash = "sha256:98aeaca086133efb3e1e2aad0396987490c8425929ddbcfe0550184fdc54cd13", size = 9342917, upload-time = "2022-04-20T18:11:33.387Z" }
wheels = [
    { url = "https://files.pythonhosted.org/packages/c5/7b/2c9fc1e18cb97676c7bedaa872447eb720e0c6e0e48190b4fba7eccdc1a8/Babel-2.10.1-py3-none-any.whl", hash = "sha256:3f349e85ad3154559ac4930c3918247d319f21910d5ce4b25d439ed8693b98d2", size = 9500791, upload-time = "2022-04-20T18:11:23.721Z" },
]

[[package]]
name = "beautifulsoup4"
version = "4.11.1"
source = { registry = "https://pypi.org/simple" }
dependencies = [
    { name = "soupsieve" },
]
sdist = { url = "https://files.pythonhosted.org/packages/e8/b0/cd2b968000577ec5ce6c741a54d846dfa402372369b8b6861720aa9ecea7/beautifulsoup4-4.11.1.tar.gz", hash = "sha256:ad9aa55b65ef2808eb405f46cf74df7fcb7044d5cbc26487f96eb2ef2e436693", size = 517113, upload-time = "2022-04-08T21:22:48.366Z" }
wheels = [
    { url = "https://files.pythonhosted.org/packages/9c/d8/909c4089dbe4ade9f9705f143c9f13f065049a9d5e7d34c828aefdd0a97c/beautifulsoup4-4.11.1-py3-none-any.whl", hash = "sha256:58d5c3d29f5a36ffeb94f02f0d786cd53014cf9b3b3951d42e0080d8a9498d30", size = 128156, upload-time = "2022-04-08T21:22:46.958Z" },
]

[[package]]
name = "certifi"
version = "2022.5.18.1"
source = { registry = "https://pypi.org/simple" }
sdist = { url = "https://files.pythonhosted.org/packages/07/10/75277f313d13a2b74fc56e29239d5c840c2bf09f17bf25c02b35558812c6/certifi-2022.5.18.1.tar.gz", hash = "sha256:9c5705e395cd70084351dd8ad5c41e65655e08ce46f2ec9cf6c2c08390f71eb7", size = 156701, upload-time = "2022-05-19T19:21:31.482Z" }
wheels = [
    { url = "https://files.pythonhosted.org/packages/11/dd/e015f3780f42dd9af62cf0107b44ea1298926627ecd70c17b0e484e95bcd/certifi-2022.5.18.1-py3-none-any.whl", hash = "sha256:f1d53542ee8cbedbe2118b5686372fb33c297fcd6379b050cca0ef13a597382a", size = 155170, upload-time = "2022-05-19T19:21:28.863Z" },
]

[[package]]
name = "charset-normalizer"
version = "2.0.12"
source = { registry = "https://pypi.org/simple" }
sdist = { url = "https://files.pythonhosted.org/packages/56/31/7bcaf657fafb3c6db8c787a865434290b726653c912085fbd371e9b92e1c/charset-normalizer-2.0.12.tar.gz", hash = "sha256:2857e29ff0d34db842cd7ca3230549d1a697f96ee6d3fb071cfa6c7393832597", size = 79105, upload-time = "2022-02-12T14:33:13.788Z" }
wheels = [
    { url = "https://files.pythonhosted.org/packages/06/b3/24afc8868eba069a7f03650ac750a778862dc34941a4bebeb58706715726/charset_normalizer-2.0.12-py3-none-any.whl", hash = "sha256:6881edbebdb17b39b4eaaa821b438bf6eddffb4468cf344f09f89def34a8b1df", size = 39623, upload-time = "2022-02-12T14:33:12.294Z" },
]

[[package]]
name = "colorama"
version = "0.4.4"
source = { registry = "https://pypi.org/simple" }
sdist = { url = "https://files.pythonhosted.org/packages/1f/bb/5d3246097ab77fa083a61bd8d3d527b7ae063c7d8e8671b1cf8c4ec10cbe/colorama-0.4.4.tar.gz", hash = "sha256:5941b2b48a20143d2267e95b1c2a7603ce057ee39fd88e7329b0c292aa16869b", size = 27813, upload-time = "2020-10-15T18:36:33.372Z" }
wheels = [
    { url = "https://files.pythonhosted.org/packages/44/98/5b86278fbbf250d239ae0ecb724f8572af1c91f4a11edf4d36a206189440/colorama-0.4.4-py2.py3-none-any.whl", hash = "sha256:9f47eda37229f68eee03b24b9748937c7dc3868f906e8ba69fbcbdd3bc5dc3e2", size = 16028, upload-time = "2020-10-13T02:42:26.463Z" },
]

[[package]]
name = "docutils"
version = "0.17.1"
source = { registry = "https://pypi.org/simple" }
sdist = { url = "https://files.pythonhosted.org/packages/4c/17/559b4d020f4b46e0287a2eddf2d8ebf76318fd3bd495f1625414b052fdc9/docutils-0.17.1.tar.gz", hash = "sha256:686577d2e4c32380bb50cbb22f575ed742d58168cee37e99117a854bcd88f125", size = 2016138, upload-time = "2021-04-17T14:13:28.434Z" }
wheels = [
    { url = "https://files.pythonhosted.org/packages/4c/5e/6003a0d1f37725ec2ebd4046b657abb9372202655f96e76795dca8c0063c/docutils-0.17.1-py2.py3-none-any.whl", hash = "sha256:cf316c8370a737a022b72b56874f6602acf974a37a9fba42ec2876387549fc61", size = 575533, upload-time = "2021-04-17T14:13:24.796Z" },
]

[[package]]
name = "furo"
version = "2021.11.23"
source = { registry = "https://pypi.org/simple" }
dependencies = [
    { name = "beautifulsoup4" },
    { name = "pygments" },
    { name = "sphinx" },
]
sdist = { url = "https://files.pythonhosted.org/packages/96/ec/dcbcf32216585e7ffe97b13e5fcb2cf37bc8698b14002c59e1ce7d5d8fda/furo-2021.11.23.tar.gz", hash = "sha256:54cecac5f3b688b5c7370d72ecdf1cd91a6c53f0f42751f4a719184b562cde70", size = 1659103, upload-time = "2021-11-23T09:10:05.516Z" }
wheels = [
    { url = "https://files.pythonhosted.org/packages/db/bd/47f14ff20bade1acdb53be6e985776b7280b78d654795b419c710f4118a2/furo-2021.11.23-py3-none-any.whl", hash = "sha256:6d396451ad1aadce380c662fca9362cb10f4fd85f296d74fe3ca32006eb641d7", size = 285383, upload-time = "2021-11-23T09:10:03.014Z" },
]

[[package]]
name = "idna"
version = "3.3"
source = { registry = "https://pypi.org/simple" }
sdist = { url = "https://files.pythonhosted.org/packages/62/08/e3fc7c8161090f742f504f40b1bccbfc544d4a4e09eb774bf40aafce5436/idna-3.3.tar.gz", hash = "sha256:9d643ff0a55b762d5cdb124b8eaa99c66322e2157b69160bc32796e824360e6d", size = 286689, upload-time = "2021-10-12T23:33:41.312Z" }
wheels = [
    { url = "https://files.pythonhosted.org/packages/04/a2/d918dcd22354d8958fe113e1a3630137e0fc8b44859ade3063982eacd2a4/idna-3.3-py3-none-any.whl", hash = "sha256:84d9dd047ffa80596e0f246e2eab0b391788b0503584e8945f2368256d2735ff", size = 61160, upload-time = "2021-10-12T23:33:38.02Z" },
]

[[package]]
name = "imagesize"
version = "1.3.0"
source = { registry = "https://pypi.org/simple" }
sdist = { url = "https://files.pythonhosted.org/packages/f6/27/b147794d43249e8303a06f427e407a090696b65b81045e36f8873d8d8a42/imagesize-1.3.0.tar.gz", hash = "sha256:cd1750d452385ca327479d45b64d9c7729ecf0b3969a58148298c77092261f9d", size = 1279535, upload-time = "2021-11-09T16:24:54.499Z" }
wheels = [
    { url = "https://files.pythonhosted.org/packages/60/d6/5e803b17f4d42e085c365b44fda34deb0d8675a1a910635930b831c43f07/imagesize-1.3.0-py2.py3-none-any.whl", hash = "sha256:1db2f82529e53c3e929e8926a1fa9235aa82d0bd0c580359c67ec31b2fddaa8c", size = 5198, upload-time = "2021-11-09T16:24:47.611Z" },
]

[[package]]
name = "importlib-metadata"
version = "4.11.4"
source = { registry = "https://pypi.org/simple" }
dependencies = [
    { name = "zipp" },
]
sdist = { url = "https://files.pythonhosted.org/packages/35/a8/f2bd0d488c2bf932b4dda0fb91cbb687c0b1132b33130d1cfad4e2b4b963/importlib_metadata-4.11.4.tar.gz", hash = "sha256:5d26852efe48c0a32b0509ffbc583fda1a2266545a78d104a6f4aff3db17d700", size = 44160, upload-time = "2022-05-21T16:40:21.234Z" }
wheels = [
    { url = "https://files.pythonhosted.org/packages/ab/b5/1bd220dd470b0b912fc31499e0d9c652007a60caf137995867ccc4b98cb6/importlib_metadata-4.11.4-py3-none-any.whl", hash = "sha256:c58c8eb8a762858f49e18436ff552e83914778e50e9d2f1660535ffb364552ec", size = 18108, upload-time = "2022-05-21T16:40:19.643Z" },
]

[[package]]
name = "jinja2"
version = "3.1.2"
source = { registry = "https://pypi.org/simple" }
dependencies = [
    { name = "markupsafe" },
]
sdist = { url = "https://files.pythonhosted.org/packages/7a/ff/75c28576a1d900e87eb6335b063fab47a8ef3c8b4d88524c4bf78f670cce/Jinja2-3.1.2.tar.gz", hash = "sha256:31351a702a408a9e7595a8fc6150fc3f43bb6bf7e319770cbc0db9df9437e852", size = 268239, upload-time = "2022-04-28T17:21:27.579Z" }
wheels = [
    { url = "https://files.pythonhosted.org/packages/bc/c3/f068337a370801f372f2f8f6bad74a5c140f6fda3d9de154052708dd3c65/Jinja2-3.1.2-py3-none-any.whl", hash = "sha256:6088930bfe239f0e6710546ab9c19c9ef35e29792895fed6e6e31a023a182a61", size = 133101, upload-time = "2022-04-28T17:21:25.336Z" },
]

[[package]]
name = "markdown-it-py"
version = "1.1.0"
source = { registry = "https://pypi.org/simple" }
dependencies = [
    { name = "attrs" },
]
sdist = { url = "https://files.pythonhosted.org/packages/38/43/305d2646390d8ddc447a34e750677247774ed95ac9ea2a5ff75489056c54/markdown-it-py-1.1.0.tar.gz", hash = "sha256:36be6bb3ad987bfdb839f5ba78ddf094552ca38ccbd784ae4f74a4e1419fc6e3", size = 62561, upload-time = "2021-05-08T05:25:21.781Z" }
wheels = [
    { url = "https://files.pythonhosted.org/packages/08/6b/33c40781e26c76e26825528f417f5414c501807f1f7fced82119c29aa832/markdown_it_py-1.1.0-py3-none-any.whl", hash = "sha256:98080fc0bc34c4f2bcf0846a096a9429acbd9d5d8e67ed34026c03c61c464389", size = 83636, upload-time = "2021-05-08T05:25:20.242Z" },
]

[[package]]
name = "markupsafe"
version = "2.1.1"
source = { registry = "https://pypi.org/simple" }
sdist = { url = "https://files.pythonhosted.org/packages/1d/97/2288fe498044284f39ab8950703e88abbac2abbdf65524d576157af70556/MarkupSafe-2.1.1.tar.gz", hash = "sha256:7f91197cc9e48f989d12e4e6fbc46495c446636dfc81b9ccf50bb0ec74b91d4b", size = 18668, upload-time = "2022-03-15T13:23:27.278Z" }
wheels = [
    { url = "https://files.pythonhosted.org/packages/d9/60/94e9de017674f88a514804e2924bdede9a642aba179d2045214719d6ec76/MarkupSafe-2.1.1-cp310-cp310-macosx_10_9_universal2.whl", hash = "sha256:86b1f75c4e7c2ac2ccdaec2b9022845dbb81880ca318bb7a0a01fbf7813e3812", size = 17712, upload-time = "2022-03-15T13:22:05.942Z" },
    { url = "https://files.pythonhosted.org/packages/8c/96/7e608e1a942232cb8c81ca24093e71e07e2bacbeb2dad62a0f82da28ed54/MarkupSafe-2.1.1-cp310-cp310-macosx_10_9_x86_64.whl", hash = "sha256:f121a1420d4e173a5d96e47e9a0c0dcff965afdf1626d28de1460815f7c4ee7a", size = 13623, upload-time = "2022-03-15T13:22:09.066Z" },
    { url = "https://files.pythonhosted.org/packages/ff/3a/42262a3aa6415befee33b275b31afbcef4f7f8d2f4380061b226c692ee2a/MarkupSafe-2.1.1-cp310-cp310-manylinux_2_17_aarch64.manylinux2014_aarch64.whl", hash = "sha256:a49907dd8420c5685cfa064a1335b6754b74541bbb3706c259c02ed65b644b3e", size = 26400, upload-time = "2022-03-15T13:22:10.666Z" },
    { url = "https://files.pythonhosted.org/packages/9e/82/2e089c6f34e77c073aa5a67040d368aac0dfb9b8ccbb46d381452c26fc33/MarkupSafe-2.1.1-cp310-cp310-manylinux_2_17_x86_64.manylinux2014_x86_64.whl", hash = "sha256:10c1bfff05d95783da83491be968e8fe789263689c02724e0c691933c52994f5", size = 25596, upload-time = "2022-03-15T13:22:12.358Z" },
    { url = "https://files.pythonhosted.org/packages/a3/47/9dcc08eff8ab94f1e50f59f9cd322b710ef5db7e8590fdd8df924406fc9c/MarkupSafe-2.1.1-cp310-cp310-manylinux_2_5_i686.manylinux1_i686.manylinux_2_17_i686.manylinux2014_i686.whl", hash = "sha256:b7bd98b796e2b6553da7225aeb61f447f80a1ca64f41d83612e6139ca5213aa4", size = 25270, upload-time = "2022-03-15T13:22:15.2Z" },
    { url = "https://files.pythonhosted.org/packages/ad/fa/292a72cddad41e3c06227b446a0af53ff642a40755fc5bd695f439c35ba8/MarkupSafe-2.1.1-cp310-cp310-musllinux_1_1_aarch64.whl", hash = "sha256:b09bf97215625a311f669476f44b8b318b075847b49316d3e28c08e41a7a573f", size = 30413, upload-time = "2022-03-15T13:22:17.921Z" },
    { url = "https://files.pythonhosted.org/packages/5c/1a/ac3a2b2a4ef1196c15dd8a143fc28eddeb6e6871d6d1de64dc44ef7f59b6/MarkupSafe-2.1.1-cp310-cp310-musllinux_1_1_i686.whl", hash = "sha256:694deca8d702d5db21ec83983ce0bb4b26a578e71fbdbd4fdcd387daa90e4d5e", size = 29518, upload-time = "2022-03-15T13:22:19.677Z" },
    { url = "https://files.pythonhosted.org/packages/fc/e4/78c7607352dd574d524daad079f855757d406d36b919b1864a5a07978390/MarkupSafe-2.1.1-cp310-cp310-musllinux_1_1_x86_64.whl", hash = "sha256:efc1913fd2ca4f334418481c7e595c00aad186563bbc1ec76067848c7ca0a933", size = 29804, upload-time = "2022-03-15T13:22:21.47Z" },
    { url = "https://files.pythonhosted.org/packages/5e/3d/0a7df21deca52e20de81f8a895ac29df68944588c0030be9aa1e6c07877c/MarkupSafe-2.1.1-cp310-cp310-win32.whl", hash = "sha256:4a33dea2b688b3190ee12bd7cfa29d39c9ed176bda40bfa11099a3ce5d3a7ac6", size = 16464, upload-time = "2022-03-15T13:22:23.718Z" },
    { url = "https://files.pythonhosted.org/packages/3d/4b/15e5b9d40c4b58e97ebcb8ed5845a215fa5b7cf49a7f1cc7908f8db9cf46/MarkupSafe-2.1.1-cp310-cp310-win_amd64.whl", hash = "sha256:dda30ba7e87fbbb7eab1ec9f58678558fd9a6b8b853530e176eabd064da81417", size = 17092, upload-time = "2022-03-15T13:22:25.312Z" },
    { url = "https://files.pythonhosted.org/packages/06/7f/d5e46d7464360b6ac39c5b0b604770dba937e3d7cab485d2f3298454717b/MarkupSafe-2.1.1-cp39-cp39-macosx_10_9_universal2.whl", hash = "sha256:e04e26803c9c3851c931eac40c695602c6295b8d432cbe78609649ad9bd2da8a", size = 17699, upload-time = "2022-03-15T13:23:06.072Z" },
    { url = "https://files.pythonhosted.org/packages/26/03/2c11ba1a8b2327adea3f59f1c9c9ee9c59e86023925f929e63c4f028b10a/MarkupSafe-2.1.1-cp39-cp39-macosx_10_9_x86_64.whl", hash = "sha256:b87db4360013327109564f0e591bd2a3b318547bcef31b468a92ee504d07ae4f", size = 13617, upload-time = "2022-03-15T13:23:08.526Z" },
    { url = "https://files.pythonhosted.org/packages/82/3d/523e40c45dc1f53b35e60c6e8563dec523f7b6c113f823d5e123dd431631/MarkupSafe-2.1.1-cp39-cp39-manylinux_2_17_aarch64.manylinux2014_aarch64.whl", hash = "sha256:99a2a507ed3ac881b975a2976d59f38c19386d128e7a9a18b7df6fff1fd4c1d6", size = 26267, upload-time = "2022-03-15T13:23:10.495Z" },
    { url = "https://files.pythonhosted.org/packages/df/06/c515c5bc43b90462e753bc768e6798193c6520c9c7eb2054c7466779a9db/MarkupSafe-2.1.1-cp39-cp39-manylinux_2_17_x86_64.manylinux2014_x86_64.whl", hash = "sha256:56442863ed2b06d19c37f94d999035e15ee982988920e12a5b4ba29b62ad1f77", size = 25466, upload-time = "2022-03-15T13:23:13.27Z" },
    { url = "https://files.pythonhosted.org/packages/73/68/628f6dbbf5088723a2b939d97c0a2e059d0cc654ce92a6fac5c7959edaff/MarkupSafe-2.1.1-cp39-cp39-manylinux_2_5_i686.manylinux1_i686.manylinux_2_17_i686.manylinux2014_i686.whl", hash = "sha256:3ce11ee3f23f79dbd06fb3d63e2f6af7b12db1d46932fe7bd8afa259a5996603", size = 25119, upload-time = "2022-03-15T13:23:15.062Z" },
    { url = "https://files.pythonhosted.org/packages/3a/fc/dccc18170917f2cc2a5b77aad97f5f27d992ef0f2b9fb9e334ee71bf5301/MarkupSafe-2.1.1-cp39-cp39-musllinux_1_1_aarch64.whl", hash = "sha256:33b74d289bd2f5e527beadcaa3f401e0df0a89927c1559c8566c066fa4248ab7", size = 30220, upload-time = "2022-03-15T13:23:17.078Z" },
    { url = "https://files.pythonhosted.org/packages/ba/16/3627f852d8a846c0fc52ad1beac6e27894a8344cc2c26036db51acb82c3e/MarkupSafe-2.1.1-cp39-cp39-musllinux_1_1_i686.whl", hash = "sha256:43093fb83d8343aac0b1baa75516da6092f58f41200907ef92448ecab8825135", size = 29312, upload-time = "2022-03-15T13:23:19.317Z" },
    { url = "https://files.pythonhosted.org/packages/0f/53/b14de4ede9c2bd76d28e7911033b065ac42896f1cfb258d3ff65cf0332d2/MarkupSafe-2.1.1-cp39-cp39-musllinux_1_1_x86_64.whl", hash = "sha256:8e3dcf21f367459434c18e71b2a9532d96547aef8a871872a5bd69a715c15f96", size = 29606, upload-time = "2022-03-15T13:23:21.429Z" },
    { url = "https://files.pythonhosted.org/packages/25/c4/a75659da6d6b03d2d8ef296b2a8bc73e8c5b1533ee31569a958a292f0929/MarkupSafe-2.1.1-cp39-cp39-win32.whl", hash = "sha256:d4306c36ca495956b6d568d276ac11fdd9c30a36f1b6eb928070dc5360b22e1c", size = 16461, upload-time = "2022-03-15T13:23:23.398Z" },
    { url = "https://files.pythonhosted.org/packages/71/dc/41cbfe0d9aefdf14226dbf4eccfd0079a0e297809a17c5b902c9a7a3cc9a/MarkupSafe-2.1.1-cp39-cp39-win_amd64.whl", hash = "sha256:46d00d6cfecdde84d40e572d63735ef81423ad31184100411e6e3388d405e247", size = 17092, upload-time = "2022-03-15T13:23:25.458Z" },
]

[[package]]
name = "mdit-py-plugins"
version = "0.2.8"
source = { registry = "https://pypi.org/simple" }
dependencies = [
    { name = "markdown-it-py" },
]
sdist = { url = "https://files.pythonhosted.org/packages/10/a0/2d3df3cd0c55b4024d153b31b403e02a1af50d78df3a2fb22190100a7004/mdit-py-plugins-0.2.8.tar.gz", hash = "sha256:5991cef645502e80a5388ec4fc20885d2313d4871e8b8e320ca2de14ac0c015f", size = 30657, upload-time = "2021-05-03T22:33:49.382Z" }
wheels = [
    { url = "https://files.pythonhosted.org/packages/c0/cb/782222da2cc3d543aee662c33cbaf611ec010146ca21c91d5743e8d99603/mdit_py_plugins-0.2.8-py3-none-any.whl", hash = "sha256:1833bf738e038e35d89cb3a07eb0d227ed647ce7dd357579b65343740c6d249c", size = 41009, upload-time = "2021-05-03T22:33:46.806Z" },
]

[[package]]
name = "mypy"
version = "0.910"
source = { registry = "https://pypi.org/simple" }
dependencies = [
    { name = "mypy-extensions" },
    { name = "toml" },
    { name = "typing-extensions" },
]
sdist = { url = "https://files.pythonhosted.org/packages/33/46/b5d01f8844c84772e950bfc6adcaaa94cd22fedeb7c01776fd6effb3c2f6/mypy-0.910.tar.gz", hash = "sha256:704098302473cb31a218f1775a873b376b30b4c18229421e9e9dc8916fd16150", size = 2500630, upload-time = "2021-06-22T18:45:01.878Z" }
wheels = [
    { url = "https://files.pythonhosted.org/packages/f7/be/3f188c3b4472a1e4cd07d1acb1a4d56b2a88264c06511e1845ffc539ccbc/mypy-0.910-cp39-cp39-macosx_10_9_x86_64.whl", hash = "sha256:1a85e280d4d217150ce8cb1a6dddffd14e753a4e0c3cf90baabb32cefa41b59e", size = 9019807, upload-time = "2021-06-22T18:42:17.699Z" },
    { url = "https://files.pythonhosted.org/packages/42/e2/17ac35636f7b7e027fc7b5b7b11166666eccf005794de6f4e7b6c4d1e072/mypy-0.910-cp39-cp39-macosx_11_0_arm64.whl", hash = "sha256:42c266ced41b65ed40a282c575705325fa7991af370036d3f134518336636f5b", size = 8384203, upload-time = "2021-06-22T18:42:31.025Z" },
    { url = "https://files.pythonhosted.org/packages/d5/66/e1c5fadda288ff6f04a83e52486503689077dd07b00a560d0d0211d8e841/mypy-0.910-cp39-cp39-manylinux1_x86_64.whl", hash = "sha256:3c4b8ca36877fc75339253721f69603a9c7fdb5d4d5a95a1a1b899d8b86a4de2", size = 23179995, upload-time = "2021-06-22T18:40:39.486Z" },
    { url = "https://files.pythonhosted.org/packages/7b/8f/bce91c83acc63c1d0a0897acbdd31ad2adbd8cba15a82a6156450c7afb96/mypy-0.910-cp39-cp39-manylinux2010_x86_64.whl", hash = "sha256:c0df2d30ed496a08de5daed2a9ea807d07c21ae0ab23acf541ab88c24b26ab97", size = 23179996, upload-time = "2021-06-22T18:43:19.038Z" },
    { url = "https://files.pythonhosted.org/packages/b1/29/e8144c0ba0beb3e91da1065a2ea93842263d94ae550bdd9cfe61c7c88f58/mypy-0.910-cp39-cp39-win_amd64.whl", hash = "sha256:c6c2602dffb74867498f86e6129fd52a2770c48b7cd3ece77ada4fa38f94eba8", size = 7544951, upload-time = "2021-06-22T18:40:11.874Z" },
    { url = "https://files.pythonhosted.org/packages/15/e9/6b19c33819c27db7d69b938f062ea416398af62ae93aeb0fe47cb35d8a44/mypy-0.910-py3-none-any.whl", hash = "sha256:ef565033fa5a958e62796867b1df10c40263ea9ded87164d67572834e57a174d", size = 2149812, upload-time = "2021-06-22T18:43:49.338Z" },
]

[[package]]
name = "mypy-extensions"
version = "0.4.3"
source = { registry = "https://pypi.org/simple" }
sdist = { url = "https://files.pythonhosted.org/packages/63/60/0582ce2eaced55f65a4406fc97beba256de4b7a95a0034c6576458c6519f/mypy_extensions-0.4.3.tar.gz", hash = "sha256:2d82818f5bb3e369420cb3c4060a7970edba416647068eb4c5343488a6c604a8", size = 4252, upload-time = "2019-10-17T22:38:58.685Z" }
wheels = [
    { url = "https://files.pythonhosted.org/packages/5c/eb/975c7c080f3223a5cdaff09612f3a5221e4ba534f7039db34c35d95fa6a5/mypy_extensions-0.4.3-py2.py3-none-any.whl", hash = "sha256:090fedd75945a69ae91ce1303b5824f428daf5a028d2f6ab8a299250a846f15d", size = 4470, upload-time = "2019-10-17T22:38:56.922Z" },
]

[[package]]
name = "myst-parser"
version = "0.15.2"
source = { registry = "https://pypi.org/simple" }
dependencies = [
    { name = "docutils" },
    { name = "jinja2" },
    { name = "markdown-it-py" },
    { name = "mdit-py-plugins" },
    { name = "pyyaml" },
    { name = "sphinx" },
]
sdist = { url = "https://files.pythonhosted.org/packages/91/33/e2ff1d4675d9f6fae51e03b0ad99ab9276773424006191c1057609b543db/myst-parser-0.15.2.tar.gz", hash = "sha256:f7f3b2d62db7655cde658eb5d62b2ec2a4631308137bd8d10f296a40d57bbbeb", size = 48787, upload-time = "2021-08-27T01:35:41.024Z" }
wheels = [
    { url = "https://files.pythonhosted.org/packages/50/08/408ed27091b893812d2b8b149251af37908f8896c50da5150d2589883983/myst_parser-0.15.2-py3-none-any.whl", hash = "sha256:40124b6f27a4c42ac7f06b385e23a9dcd03d84801e9c7130b59b3729a554b1f9", size = 46268, upload-time = "2021-08-27T01:35:40.003Z" },
]

[[package]]
name = "packaging"
version = "21.3"
source = { registry = "https://pypi.org/simple" }
dependencies = [
    { name = "pyparsing" },
]
sdist = { url = "https://files.pythonhosted.org/packages/df/9e/d1a7217f69310c1db8fdf8ab396229f55a699ce34a203691794c5d1cad0c/packaging-21.3.tar.gz", hash = "sha256:dd47c42927d89ab911e606518907cc2d3a1f38bbd026385970643f9c5b8ecfeb", size = 84848, upload-time = "2021-11-18T00:39:13.586Z" }
wheels = [
    { url = "https://files.pythonhosted.org/packages/05/8e/8de486cbd03baba4deef4142bd643a3e7bbe954a784dc1bb17142572d127/packaging-21.3-py3-none-any.whl", hash = "sha256:ef103e05f519cdc783ae24ea4e2e0f508a9c99b2d4969652eed6a2e1ea5bd522", size = 40750, upload-time = "2021-11-18T00:39:10.932Z" },
]

[[package]]
name = "pygments"
version = "2.12.0"
source = { registry = "https://pypi.org/simple" }
sdist = { url = "https://files.pythonhosted.org/packages/59/0f/eb10576eb73b5857bc22610cdfc59e424ced4004fe7132c8f2af2cc168d3/Pygments-2.12.0.tar.gz", hash = "sha256:5eb116118f9612ff1ee89ac96437bb6b49e8f04d8a13b514ba26f620208e26eb", size = 4282017, upload-time = "2022-04-24T13:37:41.81Z" }
wheels = [
    { url = "https://files.pythonhosted.org/packages/5c/8e/1d9017950034297fffa336c72e693a5b51bbf85141b24a763882cf1977b5/Pygments-2.12.0-py3-none-any.whl", hash = "sha256:dc9c10fb40944260f6ed4c688ece0cd2048414940f1cea51b8b226318411c519", size = 1093289, upload-time = "2022-04-24T13:37:38.352Z" },
]

[[package]]
name = "pyparsing"
version = "3.0.9"
source = { registry = "https://pypi.org/simple" }
sdist = { url = "https://files.pythonhosted.org/packages/71/22/207523d16464c40a0310d2d4d8926daffa00ac1f5b1576170a32db749636/pyparsing-3.0.9.tar.gz", hash = "sha256:2b020ecf7d21b687f219b71ecad3631f644a47f01403fa1d1036b0c6416d70fb", size = 1999906, upload-time = "2022-05-10T23:26:05.963Z" }
wheels = [
    { url = "https://files.pythonhosted.org/packages/6c/10/a7d0fa5baea8fe7b50f448ab742f26f52b80bfca85ac2be9d35cdd9a3246/pyparsing-3.0.9-py3-none-any.whl", hash = "sha256:5026bae9a10eeaefb61dab2f09052b9f4307d44aee4eda64b309723d8d206bbc", size = 98338, upload-time = "2022-05-10T23:26:03.201Z" },
]

[[package]]
name = "pytz"
version = "2022.1"
source = { registry = "https://pypi.org/simple" }
sdist = { url = "https://files.pythonhosted.org/packages/2f/5f/a0f653311adff905bbcaa6d3dfaf97edcf4d26138393c6ccd37a484851fb/pytz-2022.1.tar.gz", hash = "sha256:1e760e2fe6a8163bc0b3d9a19c4f84342afa0a2affebfaa84b01b978a02ecaa7", size = 320473, upload-time = "2022-03-20T00:37:10.116Z" }
wheels = [
    { url = "https://files.pythonhosted.org/packages/60/2e/dec1cc18c51b8df33c7c4d0a321b084cf38e1733b98f9d15018880fb4970/pytz-2022.1-py2.py3-none-any.whl", hash = "sha256:e68985985296d9a66a881eb3193b0906246245294a881e7c8afe623866ac6a5c", size = 503520, upload-time = "2022-03-20T00:37:06.783Z" },
]

[[package]]
name = "pyyaml"
version = "6.0"
source = { registry = "https://pypi.org/simple" }
sdist = { url = "https://files.pythonhosted.org/packages/36/2b/61d51a2c4f25ef062ae3f74576b01638bebad5e045f747ff12643df63844/PyYAML-6.0.tar.gz", hash = "sha256:68fb519c14306fec9720a2a5b45bc9f0c8d1b9c72adf45c37baedfcd949c35a2", size = 124996, upload-time = "2021-10-13T19:40:57.802Z" }
wheels = [
    { url = "https://files.pythonhosted.org/packages/44/e5/4fea13230bcebf24b28c0efd774a2dd65a0937a2d39e94a4503438b078ed/PyYAML-6.0-cp310-cp310-macosx_10_9_x86_64.whl", hash = "sha256:d4db7c7aef085872ef65a8fd7d6d09a14ae91f691dec3e87ee5ee0539d516f53", size = 197589, upload-time = "2021-10-13T19:39:42.916Z" },
    { url = "https://files.pythonhosted.org/packages/91/49/d46d7b15cddfa98533e89f3832f391aedf7e31f37b4d4df3a7a7855a7073/PyYAML-6.0-cp310-cp310-macosx_11_0_arm64.whl", hash = "sha256:9df7ed3b3d2e0ecfe09e14741b857df43adb5a3ddadc919a2d94fbdf78fea53c", size = 173975, upload-time = "2021-10-13T19:39:45.895Z" },
    { url = "https://files.pythonhosted.org/packages/5e/f4/7b4bb01873be78fc9fde307f38f62e380b7111862c165372cf094ca2b093/PyYAML-6.0-cp310-cp310-manylinux_2_17_aarch64.manylinux2014_aarch64.whl", hash = "sha256:77f396e6ef4c73fdc33a9157446466f1cff553d979bd00ecb64385760c6babdc", size = 733711, upload-time = "2021-10-13T19:39:47.617Z" },
    { url = "https://files.pythonhosted.org/packages/ef/ad/b443cce94539e57e1a745a845f95c100ad7b97593d7e104051e43f730ecd/PyYAML-6.0-cp310-cp310-manylinux_2_17_s390x.manylinux2014_s390x.whl", hash = "sha256:a80a78046a72361de73f8f395f1f1e49f956c6be882eed58505a15f3e430962b", size = 757857, upload-time = "2021-10-13T19:39:49.944Z" },
    { url = "https://files.pythonhosted.org/packages/02/25/6ba9f6bb50a3d4fbe22c1a02554dc670682a07c8701d1716d19ddea2c940/PyYAML-6.0-cp310-cp310-manylinux_2_5_x86_64.manylinux1_x86_64.manylinux_2_12_x86_64.manylinux2010_x86_64.whl", hash = "sha256:f84fbc98b019fef2ee9a1cb3ce93e3187a6df0b2538a651bfb890254ba9f90b5", size = 682157, upload-time = "2021-10-13T19:39:51.596Z" },
    { url = "https://files.pythonhosted.org/packages/0f/93/5f81d1925ce3b531f5ff215376445ec220887cd1c9a8bde23759554dbdfd/PyYAML-6.0-cp310-cp310-win32.whl", hash = "sha256:2cd5df3de48857ed0544b34e2d40e9fac445930039f3cfe4bcc592a1f836d513", size = 138123, upload-time = "2021-10-13T19:39:53.54Z" },
    { url = "https://files.pythonhosted.org/packages/b7/09/2f6f4851bbca08642fef087bade095edc3c47f28d1e7bff6b20de5262a77/PyYAML-6.0-cp310-cp310-win_amd64.whl", hash = "sha256:daf496c58a8c52083df09b80c860005194014c3698698d1a57cbcfa182142a3a", size = 151651, upload-time = "2021-10-13T19:39:55.964Z" },
    { url = "https://files.pythonhosted.org/packages/f8/54/799b059314b13e1063473f76e908f44106014d18f54b16c83a16edccd5ec/PyYAML-6.0-cp311-cp311-macosx_10_9_x86_64.whl", hash = "sha256:d4b0ba9512519522b118090257be113b9468d804b19d63c71dbcf4a48fa32358", size = 188559, upload-time = "2022-09-13T22:11:53.663Z" },
    { url = "https://files.pythonhosted.org/packages/cb/5f/05dd91f5046e2256e35d885f3b8f0f280148568f08e1bf20421887523e9a/PyYAML-6.0-cp311-cp311-macosx_11_0_arm64.whl", hash = "sha256:81957921f441d50af23654aa6c5e5eaf9b06aba7f0a19c18a538dc7ef291c5a1", size = 167479, upload-time = "2022-09-13T22:11:55.996Z" },
    { url = "https://files.pythonhosted.org/packages/7f/d9/6a0d14ac8d3b5605dc925d177c1d21ee9f0b7b39287799db1e50d197b2f4/PyYAML-6.0-cp311-cp311-manylinux_2_17_aarch64.manylinux2014_aarch64.whl", hash = "sha256:afa17f5bc4d1b10afd4466fd3a44dc0e245382deca5b3c353d8b757f9e3ecb8d", size = 732352, upload-time = "2022-09-13T22:11:58.503Z" },
    { url = "https://files.pythonhosted.org/packages/68/3f/c027422e49433239267c62323fbc6320d6ac8d7d50cf0cb2a376260dad5f/PyYAML-6.0-cp311-cp311-manylinux_2_17_s390x.manylinux2014_s390x.whl", hash = "sha256:dbad0e9d368bb989f4515da330b88a057617d16b6a8245084f1b05400f24609f", size = 753020, upload-time = "2022-09-13T22:12:01.224Z" },
    { url = "https://files.pythonhosted.org/packages/56/8f/e8b49ad21d26111493dc2d5cae4d7efbd0e2e065440665f5023515f87f64/PyYAML-6.0-cp311-cp311-manylinux_2_17_x86_64.manylinux2014_x86_64.whl", hash = "sha256:432557aa2c09802be39460360ddffd48156e30721f5e8d917f01d31694216782", size = 757901, upload-time = "2022-09-13T22:12:03.607Z" },
    { url = "https://files.pythonhosted.org/packages/fc/48/531ecd926fe0a374346dd811bf1eda59a95583595bb80eadad511f3269b8/PyYAML-6.0-cp311-cp311-win32.whl", hash = "sha256:bfaef573a63ba8923503d27530362590ff4f576c626d86a9fed95822a8255fd7", size = 129269, upload-time = "2022-09-13T22:12:06.279Z" },
    { url = "https://files.pythonhosted.org/packages/59/00/30e33fcd2a4562cd40c49c7740881009240c5cbbc0e41ca79ca4bba7c24b/PyYAML-6.0-cp311-cp311-win_amd64.whl", hash = "sha256:01b45c0191e6d66c470b6cf1b9531a771a83c1c4208272ead47a3ae4f2f603bf", size = 143181, upload-time = "2022-09-13T22:12:08.72Z" },
    { url = "https://files.pythonhosted.org/packages/f5/6f/b8b4515346af7c33d3b07cd8ca8ea0700ca72e8d7a750b2b87ac0268ca4e/PyYAML-6.0-cp39-cp39-macosx_10_9_x86_64.whl", hash = "sha256:055d937d65826939cb044fc8c9b08889e8c743fdc6a32b33e2390f66013e449b", size = 197582, upload-time = "2021-10-13T19:40:37.452Z" },
    { url = "https://files.pythonhosted.org/packages/67/d4/b95266228a25ef5bd70984c08b4efce2c035a4baa5ccafa827b266e3dc36/PyYAML-6.0-cp39-cp39-macosx_11_0_arm64.whl", hash = "sha256:e61ceaab6f49fb8bdfaa0f92c4b57bcfbea54c09277b1b4f7ac376bfb7a7c174", size = 173963, upload-time = "2021-10-13T19:40:39.892Z" },
    { url = "https://files.pythonhosted.org/packages/21/67/b42191239c5650c9e419c4a08a7a022bbf1abf55b0391c380a72c3af5462/PyYAML-6.0-cp39-cp39-manylinux_2_17_aarch64.manylinux2014_aarch64.whl", hash = "sha256:d67d839ede4ed1b28a4e8909735fc992a923cdb84e618544973d7dfc71540803", size = 731095, upload-time = "2021-10-13T19:40:42.002Z" },
    { url = "https://files.pythonhosted.org/packages/77/da/e845437ffe0dffae4e7562faf23a4f264d886431c5d2a2816c853288dc8e/PyYAML-6.0-cp39-cp39-manylinux_2_17_s390x.manylinux2014_s390x.whl", hash = "sha256:cba8c411ef271aa037d7357a2bc8f9ee8b58b9965831d9e51baf703280dc73d3", size = 755924, upload-time = "2021-10-13T19:40:45.386Z" },
    { url = "https://files.pythonhosted.org/packages/12/fc/a4d5a7554e0067677823f7265cb3ae22aed8a238560b5133b58cda252dad/PyYAML-6.0-cp39-cp39-manylinux_2_5_x86_64.manylinux1_x86_64.manylinux_2_12_x86_64.manylinux2010_x86_64.whl", hash = "sha256:40527857252b61eacd1d9af500c3337ba8deb8fc298940291486c465c8b46ec0", size = 661819, upload-time = "2021-10-13T19:40:48.119Z" },
    { url = "https://files.pythonhosted.org/packages/2e/b3/13dfd4eeb5e4b2d686b6d1822b40702e991bf3a4194ca5cbcce8d43749db/PyYAML-6.0-cp39-cp39-win32.whl", hash = "sha256:b5b9eccad747aabaaffbc6064800670f0c297e52c12754eb1d976c57e4f74dcb", size = 138039, upload-time = "2021-10-13T19:40:50.084Z" },
    { url = "https://files.pythonhosted.org/packages/08/f4/ffa743f860f34a5e8c60abaaa686f82c9ac7a2b50e5a1c3b1eb564d59159/PyYAML-6.0-cp39-cp39-win_amd64.whl", hash = "sha256:b3d267842bf12586ba6c734f89d1f5b871df0273157918b0ccefa29deb05c21c", size = 151646, upload-time = "2021-10-13T19:40:52.627Z" },
]

[[package]]
name = "requests"
version = "2.27.1"
source = { registry = "https://pypi.org/simple" }
dependencies = [
    { name = "certifi" },
    { name = "charset-normalizer" },
    { name = "idna" },
    { name = "urllib3" },
]
sdist = { url = "https://files.pythonhosted.org/packages/60/f3/26ff3767f099b73e0efa138a9998da67890793bfa475d8278f84a30fec77/requests-2.27.1.tar.gz", hash = "sha256:68d7c56fd5a8999887728ef304a6d12edc7be74f1cfa47714fc8b414525c9a61", size = 106758, upload-time = "2022-01-05T15:40:51.698Z" }
wheels = [
    { url = "https://files.pythonhosted.org/packages/2d/61/08076519c80041bc0ffa1a8af0cbd3bf3e2b62af10435d269a9d0f40564d/requests-2.27.1-py2.py3-none-any.whl", hash = "sha256:f22fa1e554c9ddfd16e6e41ac79759e17be9e492b3587efa038054674760e72d", size = 63133, upload-time = "2022-01-05T15:40:49.334Z" },
]

[[package]]
name = "snowballstemmer"
version = "2.2.0"
source = { registry = "https://pypi.org/simple" }
sdist = { url = "https://files.pythonhosted.org/packages/44/7b/af302bebf22c749c56c9c3e8ae13190b5b5db37a33d9068652e8f73b7089/snowballstemmer-2.2.0.tar.gz", hash = "sha256:09b16deb8547d3412ad7b590689584cd0fe25ec8db3be37788be3810cbf19cb1", size = 86699, upload-time = "2021-11-16T18:38:38.009Z" }
wheels = [
    { url = "https://files.pythonhosted.org/packages/ed/dc/c02e01294f7265e63a7315fe086dd1df7dacb9f840a804da846b96d01b96/snowballstemmer-2.2.0-py2.py3-none-any.whl", hash = "sha256:c8e1716e83cc398ae16824e5572ae04e0d9fc2c6b985fb0f900f5f0c96ecba1a", size = 93002, upload-time = "2021-11-16T18:38:34.792Z" },
]

[[package]]
name = "soupsieve"
version = "2.3.2.post1"
source = { registry = "https://pypi.org/simple" }
sdist = { url = "https://files.pythonhosted.org/packages/f3/03/bac179d539362319b4779a00764e95f7542f4920084163db6b0fd4742d38/soupsieve-2.3.2.post1.tar.gz", hash = "sha256:fc53893b3da2c33de295667a0e19f078c14bf86544af307354de5fcf12a3f30d", size = 102814, upload-time = "2022-04-14T12:58:00.303Z" }
wheels = [
    { url = "https://files.pythonhosted.org/packages/16/e3/4ad79882b92617e3a4a0df1960d6bce08edfb637737ac5c3f3ba29022e25/soupsieve-2.3.2.post1-py3-none-any.whl", hash = "sha256:3b2503d3c7084a42b1ebd08116e5f81aadfaea95863628c80a3b774a11b7c759", size = 37377, upload-time = "2022-04-14T12:57:59.186Z" },
]

[[package]]
name = "sphinx"
version = "4.5.0"
source = { registry = "https://pypi.org/simple" }
dependencies = [
    { name = "alabaster" },
    { name = "babel" },
    { name = "colorama", marker = "sys_platform == 'win32'" },
    { name = "docutils" },
    { name = "imagesize" },
    { name = "importlib-metadata", marker = "python_full_version < '3.10'" },
    { name = "jinja2" },
    { name = "packaging" },
    { name = "pygments" },
    { name = "requests" },
    { name = "snowballstemmer" },
    { name = "sphinxcontrib-applehelp" },
    { name = "sphinxcontrib-devhelp" },
    { name = "sphinxcontrib-htmlhelp" },
    { name = "sphinxcontrib-jsmath" },
    { name = "sphinxcontrib-qthelp" },
    { name = "sphinxcontrib-serializinghtml" },
]
sdist = { url = "https://files.pythonhosted.org/packages/d5/b9/b831ea20dde3c3b726e41403eaee92cc448083cef310790c31c6ccfb22e3/Sphinx-4.5.0.tar.gz", hash = "sha256:7bf8ca9637a4ee15af412d1a1d9689fec70523a68ca9bb9127c2f3eeb344e2e6", size = 6698212, upload-time = "2022-03-27T15:56:51.618Z" }
wheels = [
    { url = "https://files.pythonhosted.org/packages/91/96/9cbbc7103fb482d5809fe4976ecb9b627058210d02817fcbfeebeaa8f762/Sphinx-4.5.0-py3-none-any.whl", hash = "sha256:ebf612653238bcc8f4359627a9b7ce44ede6fdd75d9d30f68255c7383d3a6226", size = 3099508, upload-time = "2022-03-27T15:56:46.437Z" },
]

[[package]]
name = "sphinx-copybutton"
version = "0.4.0"
source = { registry = "https://pypi.org/simple" }
dependencies = [
    { name = "sphinx" },
]
sdist = { url = "https://files.pythonhosted.org/packages/d0/79/d57ca42f4be2ac21f660300a5e1a285ce42b23c45b5a4b9a21ce973a3b2f/sphinx-copybutton-0.4.0.tar.gz", hash = "sha256:8daed13a87afd5013c3a9af3575cc4d5bec052075ccd3db243f895c07a689386", size = 594600, upload-time = "2021-07-03T16:51:13.383Z" }
wheels = [
    { url = "https://files.pythonhosted.org/packages/81/8b/7c9cf5956be80bfd826f2534e2b38ff2310f8c4274a77e4b3b2d846af552/sphinx_copybutton-0.4.0-py3-none-any.whl", hash = "sha256:4340d33c169dac6dd82dce2c83333412aa786a42dd01a81a8decac3b130dc8b0", size = 12095, upload-time = "2021-07-03T16:51:11.609Z" },
]

[[package]]
name = "sphinxcontrib-applehelp"
version = "1.0.2"
source = { registry = "https://pypi.org/simple" }
sdist = { url = "https://files.pythonhosted.org/packages/9f/01/ad9d4ebbceddbed9979ab4a89ddb78c9760e74e6757b1880f1b2760e8295/sphinxcontrib-applehelp-1.0.2.tar.gz", hash = "sha256:a072735ec80e7675e3f432fcae8610ecf509c5f1869d17e2eecff44389cdbc58", size = 24548, upload-time = "2020-02-29T04:12:56.32Z" }
wheels = [
    { url = "https://files.pythonhosted.org/packages/dc/47/86022665a9433d89a66f5911b558ddff69861766807ba685de2e324bd6ed/sphinxcontrib_applehelp-1.0.2-py2.py3-none-any.whl", hash = "sha256:806111e5e962be97c29ec4c1e7fe277bfd19e9652fb1a4392105b43e01af885a", size = 121180, upload-time = "2020-02-29T04:12:53.793Z" },
]

[[package]]
name = "sphinxcontrib-devhelp"
version = "1.0.2"
source = { registry = "https://pypi.org/simple" }
sdist = { url = "https://files.pythonhosted.org/packages/98/33/dc28393f16385f722c893cb55539c641c9aaec8d1bc1c15b69ce0ac2dbb3/sphinxcontrib-devhelp-1.0.2.tar.gz", hash = "sha256:ff7f1afa7b9642e7060379360a67e9c41e8f3121f2ce9164266f61b9f4b338e4", size = 17398, upload-time = "2020-02-29T04:14:43.378Z" }
wheels = [
    { url = "https://files.pythonhosted.org/packages/c5/09/5de5ed43a521387f18bdf5f5af31d099605c992fd25372b2b9b825ce48ee/sphinxcontrib_devhelp-1.0.2-py2.py3-none-any.whl", hash = "sha256:8165223f9a335cc1af7ffe1ed31d2871f325254c0423bc0c4c7cd1c1e4734a2e", size = 84690, upload-time = "2020-02-29T04:14:40.765Z" },
]

[[package]]
name = "sphinxcontrib-htmlhelp"
version = "2.0.0"
source = { registry = "https://pypi.org/simple" }
sdist = { url = "https://files.pythonhosted.org/packages/eb/85/93464ac9bd43d248e7c74573d58a791d48c475230bcf000df2b2700b9027/sphinxcontrib-htmlhelp-2.0.0.tar.gz", hash = "sha256:f5f8bb2d0d629f398bf47d0d69c07bc13b65f75a81ad9e2f71a63d4b7a2f6db2", size = 28144, upload-time = "2021-05-22T16:02:13.018Z" }
wheels = [
    { url = "https://files.pythonhosted.org/packages/63/40/c854ef09500e25f6432dcbad0f37df87fd7046d376272292d8654cc71c95/sphinxcontrib_htmlhelp-2.0.0-py2.py3-none-any.whl", hash = "sha256:d412243dfb797ae3ec2b59eca0e52dac12e75a241bf0e4eb861e450d06c6ed07", size = 100451, upload-time = "2021-05-22T16:02:11.218Z" },
]

[[package]]
name = "sphinxcontrib-jsmath"
version = "1.0.1"
source = { registry = "https://pypi.org/simple" }
sdist = { url = "https://files.pythonhosted.org/packages/b2/e8/9ed3830aeed71f17c026a07a5097edcf44b692850ef215b161b8ad875729/sphinxcontrib-jsmath-1.0.1.tar.gz", hash = "sha256:a9925e4a4587247ed2191a22df5f6970656cb8ca2bd6284309578f2153e0c4b8", size = 5787, upload-time = "2019-01-21T16:10:16.347Z" }
wheels = [
    { url = "https://files.pythonhosted.org/packages/c2/42/4c8646762ee83602e3fb3fbe774c2fac12f317deb0b5dbeeedd2d3ba4b77/sphinxcontrib_jsmath-1.0.1-py2.py3-none-any.whl", hash = "sha256:2ec2eaebfb78f3f2078e73666b1415417a116cc848b72e5172e596c871103178", size = 5071, upload-time = "2019-01-21T16:10:14.333Z" },
]

[[package]]
name = "sphinxcontrib-qthelp"
version = "1.0.3"
source = { registry = "https://pypi.org/simple" }
sdist = { url = "https://files.pythonhosted.org/packages/b1/8e/c4846e59f38a5f2b4a0e3b27af38f2fcf904d4bfd82095bf92de0b114ebd/sphinxcontrib-qthelp-1.0.3.tar.gz", hash = "sha256:4c33767ee058b70dba89a6fc5c1892c0d57a54be67ddd3e7875a18d14cba5a72", size = 21658, upload-time = "2020-02-29T04:19:10.026Z" }
wheels = [
    { url = "https://files.pythonhosted.org/packages/2b/14/05f9206cf4e9cfca1afb5fd224c7cd434dcc3a433d6d9e4e0264d29c6cdb/sphinxcontrib_qthelp-1.0.3-py2.py3-none-any.whl", hash = "sha256:bd9fc24bcb748a8d51fd4ecaade681350aa63009a347a8c14e637895444dfab6", size = 90609, upload-time = "2020-02-29T04:19:08.451Z" },
]

[[package]]
name = "sphinxcontrib-serializinghtml"
version = "1.1.5"
source = { registry = "https://pypi.org/simple" }
sdist = { url = "https://files.pythonhosted.org/packages/b5/72/835d6fadb9e5d02304cf39b18f93d227cd93abd3c41ebf58e6853eeb1455/sphinxcontrib-serializinghtml-1.1.5.tar.gz", hash = "sha256:aa5f6de5dfdf809ef505c4895e51ef5c9eac17d0f287933eb49ec495280b6952", size = 21019, upload-time = "2021-05-22T16:07:43.043Z" }
wheels = [
    { url = "https://files.pythonhosted.org/packages/c6/77/5464ec50dd0f1c1037e3c93249b040c8fc8078fdda97530eeb02424b6eea/sphinxcontrib_serializinghtml-1.1.5-py2.py3-none-any.whl", hash = "sha256:352a9a00ae864471d3a7ead8d7d79f5fc0b57e8b3f95e9867eb9eb28999b92fd", size = 94021, upload-time = "2021-05-22T16:07:41.627Z" },
]

[[package]]
name = "toml"
version = "0.10.2"
source = { registry = "https://pypi.org/simple" }
sdist = { url = "https://files.pythonhosted.org/packages/be/ba/1f744cdc819428fc6b5084ec34d9b30660f6f9daaf70eead706e3203ec3c/toml-0.10.2.tar.gz", hash = "sha256:b3bda1d108d5dd99f4a20d24d9c348e91c4db7ab1b749200bded2f839ccbe68f", size = 22253, upload-time = "2020-11-01T01:40:22.204Z" }
wheels = [
    { url = "https://files.pythonhosted.org/packages/44/6f/7120676b6d73228c96e17f1f794d8ab046fc910d781c8d151120c3f1569e/toml-0.10.2-py2.py3-none-any.whl", hash = "sha256:806143ae5bfb6a3c6e736a764057db0e6a0e05e338b5630894a5f779cabb4f9b", size = 16588, upload-time = "2020-11-01T01:40:20.672Z" },
]

[[package]]
name = "typing-extensions"
version = "4.2.0"
source = { registry = "https://pypi.org/simple" }
sdist = { url = "https://files.pythonhosted.org/packages/fe/71/1df93bd59163c8084d812d166c907639646e8aac72886d563851b966bf18/typing_extensions-4.2.0.tar.gz", hash = "sha256:f1c24655a0da0d1b67f07e17a5e6b2a105894e6824b92096378bb3668ef02376", size = 42982, upload-time = "2022-04-17T21:27:23.671Z" }
wheels = [
    { url = "https://files.pythonhosted.org/packages/75/e1/932e06004039dd670c9d5e1df0cd606bf46e29a28e65d5bb28e894ea29c9/typing_extensions-4.2.0-py3-none-any.whl", hash = "sha256:6657594ee297170d19f67d55c05852a874e7eb634f4f753dbd667855e07c1708", size = 24207, upload-time = "2022-04-17T21:27:21.545Z" },
]

[[package]]
name = "uprate"
version = "0.3"
source = { editable = "." }

[package.optional-dependencies]
docs = [
    { name = "furo" },
    { name = "myst-parser" },
    { name = "sphinx" },
    { name = "sphinx-copybutton" },
]

[package.dev-dependencies]
dev = [
    { name = "mypy" },
]

[package.metadata]
requires-dist = [
    { name = "furo", marker = "extra == 'docs'", specifier = ">=2021.7.5b38,<2022" },
    { name = "myst-parser", marker = "extra == 'docs'", specifier = ">=0.15.1,<0.16" },
    { name = "sphinx", marker = "extra == 'docs'", specifier = ">=4.1.1,<5" },
    { name = "sphinx-copybutton", marker = "extra == 'docs'", specifier = ">=0.4.0,<0.5" },
]
provides-extras = ["docs"]

[package.metadata.requires-dev]
dev = [{ name = "mypy", specifier = ">=0.910,<0.911" }]

[[package]]
name = "urllib3"
version = "1.26.9"
source = { registry = "https://pypi.org/simple" }
sdist = { url = "https://files.pythonhosted.org/packages/1b/a5/4eab74853625505725cefdf168f48661b2cd04e7843ab836f3f63abf81da/urllib3-1.26.9.tar.gz", hash = "sha256:aabaf16477806a5e1dd19aa41f8c2b7950dd3c746362d7e3223dbe6de6ac448e", size = 295258, upload-time = "2022-03-16T13:28:19.197Z" }
wheels = [
    { url = "https://files.pythonhosted.org/packages/ec/03/062e6444ce4baf1eac17a6a0ebfe36bb1ad05e1df0e20b110de59c278498/urllib3-1.26.9-py2.py3-none-any.whl", hash = "sha256:44ece4d53fb1706f667c9bd1c648f5469a2ec925fcf3a776667042d645472c14", size = 138990, upload-time = "2022-03-16T13:28:16.026Z" },
]

[[package]]
name = "zipp"
version = "3.8.0"
source = { registry = "https://pypi.org/simple" }
sdist = { url = "https://files.pythonhosted.org/packages/cc/3c/3e8c69cd493297003da83f26ccf1faea5dd7da7892a0a7c965ac3bcba7bf/zipp-3.8.0.tar.gz", hash = "sha256:56bf8aadb83c24db6c4b577e13de374ccfb67da2078beba1d037c17980bf43ad", size = 13344, upload-time = "2022-04-03T15:07:28.747Z" }
wheels = [
    { url = "https://files.pythonhosted.org/packages/80/0e/16a7ee38617aab6a624e95948d314097cc2669edae9b02ded53309941cfc/zipp-3.8.0-py3-none-any.whl", hash = "sha256:c4f6e5bbf48e74f7a38e7cc5b0480ff42b0ae5178957d564d18932525d5cf099", size = 5369, upload-time = "2022-04-03T15:07:27.225Z" },
]
